
Microsoft Visual Studio Solution File, Format Version 12.00
# Visual Studio 2013
VisualStudioVersion = 12.0.21005.1
MinimumVisualStudioVersion = 10.0.40219.1
Project("{FAE04EC0-301F-11D3-BF4B-00C04F79EFBC}") = "Test", "Test\Test\Test.csproj", "{5CA69D2C-01BE-45E2-859F-D725F5A2EB8A}"
EndProject
Project("{96E2B04D-8817-42C6-938A-82C39BA4D311}") = "TestContent", "Test\TestContent\TestContent.contentproj", "{2DA5B92B-C2A7-429D-A4C0-7B61AE98D2E7}"
EndProject
Project("{FAE04EC0-301F-11D3-BF4B-00C04F79EFBC}") = "GameLibrary", "GameLibrary\GameLibrary.csproj", "{934AE0B5-F1A3-4083-835A-D9C50E38F5B4}"
EndProject
Global
	GlobalSection(SolutionConfigurationPlatforms) = preSolution
		Debug|x86 = Debug|x86
		Release|x86 = Release|x86
	EndGlobalSection
	GlobalSection(ProjectConfigurationPlatforms) = postSolution
		{5CA69D2C-01BE-45E2-859F-D725F5A2EB8A}.Debug|x86.ActiveCfg = Debug|x86
		{5CA69D2C-01BE-45E2-859F-D725F5A2EB8A}.Debug|x86.Build.0 = Debug|x86
		{5CA69D2C-01BE-45E2-859F-D725F5A2EB8A}.Release|x86.ActiveCfg = Release|x86
		{5CA69D2C-01BE-45E2-859F-D725F5A2EB8A}.Release|x86.Build.0 = Release|x86
		{2DA5B92B-C2A7-429D-A4C0-7B61AE98D2E7}.Debug|x86.ActiveCfg = Debug|x86
		{2DA5B92B-C2A7-429D-A4C0-7B61AE98D2E7}.Release|x86.ActiveCfg = Release|x86
		{934AE0B5-F1A3-4083-835A-D9C50E38F5B4}.Debug|x86.ActiveCfg = Debug|x86
		{934AE0B5-F1A3-4083-835A-D9C50E38F5B4}.Debug|x86.Build.0 = Debug|x86
		{934AE0B5-F1A3-4083-835A-D9C50E38F5B4}.Release|x86.ActiveCfg = Release|x86
		{934AE0B5-F1A3-4083-835A-D9C50E38F5B4}.Release|x86.Build.0 = Release|x86
	EndGlobalSection
	GlobalSection(SolutionProperties) = preSolution
		HideSolutionNode = FALSE
	EndGlobalSection
EndGlobal
